
Microsoft Visual Studio Solution File, Format Version 12.00
# Visual Studio 15
VisualStudioVersion = 15.0.27428.2037
MinimumVisualStudioVersion = 10.0.40219.1
Project("{FAE04EC0-301F-11D3-BF4B-00C04F79EFBC}") = "RoboChat.Library", "RoboChat.Library\RoboChat.Library.csproj", "{5A196BAD-3B23-427A-B285-EC183C40ECD6}"
EndProject
Project("{FAE04EC0-301F-11D3-BF4B-00C04F79EFBC}") = "RoboChat.Discord", "RoboChat.Discord\RoboChat.Discord.csproj", "{CA8B9653-F930-4EF4-B263-97D1E4B8932E}"
EndProject
Global
	GlobalSection(SolutionConfigurationPlatforms) = preSolution
		Debug|Any CPU = Debug|Any CPU
		Release|Any CPU = Release|Any CPU
	EndGlobalSection
	GlobalSection(ProjectConfigurationPlatforms) = postSolution
		{5A196BAD-3B23-427A-B285-EC183C40ECD6}.Debug|Any CPU.ActiveCfg = Debug|Any CPU
		{5A196BAD-3B23-427A-B285-EC183C40ECD6}.Debug|Any CPU.Build.0 = Debug|Any CPU
		{5A196BAD-3B23-427A-B285-EC183C40ECD6}.Release|Any CPU.ActiveCfg = Release|Any CPU
		{5A196BAD-3B23-427A-B285-EC183C40ECD6}.Release|Any CPU.Build.0 = Release|Any CPU
		{CA8B9653-F930-4EF4-B263-97D1E4B8932E}.Debug|Any CPU.ActiveCfg = Debug|Any CPU
		{CA8B9653-F930-4EF4-B263-97D1E4B8932E}.Debug|Any CPU.Build.0 = Debug|Any CPU
		{CA8B9653-F930-4EF4-B263-97D1E4B8932E}.Release|Any CPU.ActiveCfg = Release|Any CPU
		{CA8B9653-F930-4EF4-B263-97D1E4B8932E}.Release|Any CPU.Build.0 = Release|Any CPU
	EndGlobalSection
	GlobalSection(SolutionProperties) = preSolution
		HideSolutionNode = FALSE
	EndGlobalSection
	GlobalSection(ExtensibilityGlobals) = postSolution
		SolutionGuid = {07400B8B-E99B-4343-92A6-01803D94FE2F}
	EndGlobalSection
EndGlobal
